[[tools."aqua:suzuki-shunsuke/tfcmt"]]
version = "4.14.12"
backend = "aqua:suzuki-shunsuke/tfcmt"

[[tools.aws-cli]]
version = "2.31.22"
backend = "aqua:aws/aws-cli"

[tools.aws-cli.platforms.macos-arm64]
checksum = "blake3:5b5201ce18f587082f3bc35732a5a068bb01565612ed6f0b36d0caf24a6b5f63"
size = 48250395
url = "https://awscli.amazonaws.com/AWSCLIV2-2.31.22.pkg"

[[tools.bun]]
version = "1.2.21"
backend = "core:bun"

[[tools.dprint]]
version = "0.50.2"
backend = "aqua:dprint/dprint"

[[tools.flutter]]
version = "3.38.0-0.1.pre-beta"
backend = "asdf:flutter"

[[tools.node]]
version = "24.4.0"
backend = "core:node"

[[tools."pipx:codemagic-cli-tools"]]
version = "0.61.1"
backend = "pipx:codemagic-cli-tools"

[[tools.rclone]]
version = "1.71.2"
backend = "aqua:rclone/rclone"

[tools.rclone.platforms.macos-arm64]
checksum = "sha256:d1cea838b618f9b4f15984748502232684e92ff0b90e3c4c8bd91ac21f4d8695"
size = 26407377
url = "https://github.com/rclone/rclone/releases/download/v1.71.2/rclone-v1.71.2-osx-arm64.zip"

[[tools.stripe]]
version = "1.31.1"
backend = "aqua:stripe/stripe-cli"

[tools.stripe.platforms.macos-arm64]
checksum = "sha256:7c4ae79355cb8bb99b1117625d27562962a2e09f070f6f55a5e297c5aa83a9da"
size = 8126420
url = "https://github.com/stripe/stripe-cli/releases/download/v1.31.1/stripe_1.31.1_mac-os_arm64.tar.gz"

[[tools.swift]]
version = "6.2"
backend = "core:swift"

[[tools.terraform]]
version = "1.13.4"
backend = "aqua:hashicorp/terraform"

[tools.terraform.platforms.macos-arm64]
checksum = "sha256:6b9e2ff8102c469added7be28cd5cfc2c5a8f7fc3be2df8fe9ee5458d84a1305"
size = 28926803
url = "https://releases.hashicorp.com/terraform/1.13.4/terraform_1.13.4_darwin_arm64.zip"

[[tools.tflint]]
version = "0.59.1"
backend = "aqua:terraform-linters/tflint"

[[tools.uv]]
version = "0.9.5"
backend = "aqua:astral-sh/uv"

[tools.uv.platforms.macos-arm64]
checksum = "sha256:dc098ff224d78ed418e121fd374f655949d2c7031a70f6f6604eaf016a130433"
size = 18341942
url = "https://github.com/astral-sh/uv/releases/download/0.9.5/uv-aarch64-apple-darwin.tar.gz"

[[tools.websocat]]
version = "1.14.0"
backend = "aqua:vi/websocat"
